
Microsoft Visual Studio Solution File, Format Version 12.00
# Visual Studio Version 16
VisualStudioVersion = 16.0.33927.289
MinimumVisualStudioVersion = 10.0.40219.1
Project("{FAE04EC0-301F-11D3-BF4B-00C04F79EFBC}") = "ConsoleApp1goodby", "ConsoleApp1goodby\ConsoleApp1goodby.csproj", "{2A609DF3-4BBB-45E7-9985-31707D52430B}"
EndProject
Global
	GlobalSection(SolutionConfigurationPlatforms) = preSolution
		Debug|Any CPU = Debug|Any CPU
		Release|Any CPU = Release|Any CPU
	EndGlobalSection
	GlobalSection(ProjectConfigurationPlatforms) = postSolution
		{2A609DF3-4BBB-45E7-9985-31707D52430B}.Debug|Any CPU.ActiveCfg = Debug|Any CPU
		{2A609DF3-4BBB-45E7-9985-31707D52430B}.Debug|Any CPU.Build.0 = Debug|Any CPU
		{2A609DF3-4BBB-45E7-9985-31707D52430B}.Release|Any CPU.ActiveCfg = Release|Any CPU
		{2A609DF3-4BBB-45E7-9985-31707D52430B}.Release|Any CPU.Build.0 = Release|Any CPU
	EndGlobalSection
	GlobalSection(SolutionProperties) = preSolution
		HideSolutionNode = FALSE
	EndGlobalSection
	GlobalSection(ExtensibilityGlobals) = postSolution
		SolutionGuid = {397EC213-488C-47C1-AF39-0F7E082790DD}
	EndGlobalSection
EndGlobal
